
Microsoft Visual Studio Solution File, Format Version 12.00
# Visual Studio Version 17
VisualStudioVersion = 17.5.33516.290
MinimumVisualStudioVersion = 10.0.40219.1
Project("{FAE04EC0-301F-11D3-BF4B-00C04F79EFBC}") = "AWArchivos", "AWArchivos.csproj", "{5BFB1632-33B7-406E-BCDE-60AA483D1783}"
EndProject
Global
	GlobalSection(SolutionConfigurationPlatforms) = preSolution
		Debug|Any CPU = Debug|Any CPU
		Release|Any CPU = Release|Any CPU
	EndGlobalSection
	GlobalSection(ProjectConfigurationPlatforms) = postSolution
		{5BFB1632-33B7-406E-BCDE-60AA483D1783}.Debug|Any CPU.ActiveCfg = Debug|Any CPU
		{5BFB1632-33B7-406E-BCDE-60AA483D1783}.Debug|Any CPU.Build.0 = Debug|Any CPU
		{5BFB1632-33B7-406E-BCDE-60AA483D1783}.Release|Any CPU.ActiveCfg = Release|Any CPU
		{5BFB1632-33B7-406E-BCDE-60AA483D1783}.Release|Any CPU.Build.0 = Release|Any CPU
	EndGlobalSection
	GlobalSection(SolutionProperties) = preSolution
		HideSolutionNode = FALSE
	EndGlobalSection
	GlobalSection(ExtensibilityGlobals) = postSolution
		SolutionGuid = {12B29381-2BA6-41AB-B5B2-720C551BF5DE}
	EndGlobalSection
EndGlobal
